// !$*UTF8*$!
{
	archiveVersion = 1;
	classes = {
	};
	objectVersion = 46;
	objects = {

/* Begin PBXBuildFile section */
		9F162E401D5690B300C8E31E /* AppDelegate.swift in Sources */ = {isa = PBXBuildFile; fileRef = 9F162E3F1D5690B300C8E31E /* AppDelegate.swift */; };
		9F162E421D5690B300C8E31E /* ViewController.swift in Sources */ = {isa = PBXBuildFile; fileRef = 9F162E411D5690B300C8E31E /* ViewController.swift */; };
		9F162E451D5690B300C8E31E /* Main.storyboard in Resources */ = {isa = PBXBuildFile; fileRef = 9F162E431D5690B300C8E31E /* Main.storyboard */; };
		9F162E471D5690B300C8E31E /* Assets.xcassets in Resources */ = {isa = PBXBuildFile; fileRef = 9F162E461D5690B300C8E31E /* Assets.xcassets */; };
		9F162E4A1D5690B300C8E31E /* LaunchScreen.storyboard in Resources */ = {isa = PBXBuildFile; fileRef = 9F162E481D5690B300C8E31E /* LaunchScreen.storyboard */; };
		9F162E551D5690B400C8E31E /* Game_Of_LifeTests.swift in Sources */ = {isa = PBXBuildFile; fileRef = 9F162E541D5690B400C8E31E /* Game_Of_LifeTests.swift */; };
/* End PBXBuildFile section */

/* Begin PBXContainerItemProxy section */
		9F162E511D5690B400C8E31E /* PBXContainerItemProxy */ = {
			isa = PBXContainerItemProxy;
			containerPortal = 9F162E341D5690B300C8E31E /* Project object */;
			proxyType = 1;
			remoteGlobalIDString = 9F162E3B1D5690B300C8E31E;
			remoteInfo = "Game Of Life";
		};
/* End PBXContainerItemProxy section */

/* Begin PBXFileReference section */
		9F162E3C1D5690B300C8E31E /* Game Of Life.app */ = {isa = PBXFileReference; explicitFileType = wrapper.application; includeInIndex = 0; path = "Game Of Life.app"; sourceTree = BUILT_PRODUCTS_DIR; };
		9F162E3F1D5690B300C8E31E /* AppDelegate.swift */ = {isa = PBXFileReference; lastKnownFileType = sourcecode.swift; path = AppDelegate.swift; sourceTree = "<group>"; };
		9F162E411D5690B300C8E31E /* ViewController.swift */ = {isa = PBXFileReference; lastKnownFileType = sourcecode.swift; path = ViewController.swift; sourceTree = "<group>"; };
		9F162E441D5690B300C8E31E /* Base */ = {isa = PBXFileReference; lastKnownFileType = file.storyboard; name = Base; path = Base.lproj/Main.storyboard; sourceTree = "<group>"; };
		9F162E461D5690B300C8E31E /* Assets.xcassets */ = {isa = PBXFileReference; lastKnownFileType = folder.assetcatalog; path = Assets.xcassets; sourceTree = "<group>"; };
		9F162E491D5690B300C8E31E /* Base */ = {isa = PBXFileReference; lastKnownFileType = file.storyboard; name = Base; path = Base.lproj/LaunchScreen.storyboard; sourceTree = "<group>"; };
		9F162E4B1D5690B300C8E31E /* Info.plist */ = {isa = PBXFileReference; lastKnownFileType = text.plist.xml; path = Info.plist; sourceTree = "<group>"; };
		9F162E501D5690B400C8E31E /* Game Of LifeTests.xctest */ = {isa = PBXFileReference; explicitFileType = wrapper.cfbundle; includeInIndex = 0; path = "Game Of LifeTests.xctest"; sourceTree = BUILT_PRODUCTS_DIR; };
		9F162E541D5690B400C8E31E /* Game_Of_LifeTests.swift */ = {isa = PBXFileReference; lastKnownFileType = sourcecode.swift; path = Game_Of_LifeTests.swift; sourceTree = "<group>"; };
		9F162E561D5690B400C8E31E /* Info.plist */ = {isa = PBXFileReference; lastKnownFileType = text.plist.xml; path = Info.plist; sourceTree = "<group>"; };
/* End PBXFileReference section */

/* Begin PBXFrameworksBuildPhase section */
		9F162E391D5690B300C8E31E /* Frameworks */ = {
			isa = PBXFrameworksBuildPhase;
			buildActionMask = 2147483647;
			files = (
			);
			runOnlyForDeploymentPostprocessing = 0;
		};
		9F162E4D1D5690B400C8E31E /* Frameworks */ = {
			isa = PBXFrameworksBuildPhase;
			buildActionMask = 2147483647;
			files = (
			);
			runOnlyForDeploymentPostprocessing = 0;
		};
/* End PBXFrameworksBuildPhase section */

/* Begin PBXGroup section */
		9F162E331D5690B300C8E31E = {
			isa = PBXGroup;
			children = (
				9F162E3E1D5690B300C8E31E /* Game Of Life */,
				9F162E531D5690B400C8E31E /* Game Of LifeTests */,
				9F162E3D1D5690B300C8E31E /* Products */,
			);
			sourceTree = "<group>";
		};
		9F162E3D1D5690B300C8E31E /* Products */ = {
			isa = PBXGroup;
			children = (
				9F162E3C1D5690B300C8E31E /* Game Of Life.app */,
				9F162E501D5690B400C8E31E /* Game Of LifeTests.xctest */,
			);
			name = Products;
			sourceTree = "<group>";
		};
		9F162E3E1D5690B300C8E31E /* Game Of Life */ = {
			isa = PBXGroup;
			children = (
				9F162E3F1D5690B300C8E31E /* AppDelegate.swift */,
				9F162E411D5690B300C8E31E /* ViewController.swift */,
				9F162E431D5690B300C8E31E /* Main.storyboard */,
				9F162E461D5690B300C8E31E /* Assets.xcassets */,
				9F162E481D5690B300C8E31E /* LaunchScreen.storyboard */,
				9F162E4B1D5690B300C8E31E /* Info.plist */,
			);
			path = "Game Of Life";
			sourceTree = "<group>";
		};
		9F162E531D5690B400C8E31E /* Game Of LifeTests */ = {
			isa = PBXGroup;
			children = (
				9F162E541D5690B400C8E31E /* Game_Of_LifeTests.swift */,
				9F162E561D5690B400C8E31E /* Info.plist */,
			);
			path = "Game Of LifeTests";
			sourceTree = "<group>";
		};
/* End PBXGroup section */

/* Begin PBXNativeTarget section */
		9F162E3B1D5690B300C8E31E /* Game Of Life */ = {
			isa = PBXNativeTarget;
			buildConfigurationList = 9F162E591D5690B400C8E31E /* Build configuration list for PBXNativeTarget "Game Of Life" */;
			buildPhases = (
				9F162E381D5690B300C8E31E /* Sources */,
				9F162E391D5690B300C8E31E /* Frameworks */,
				9F162E3A1D5690B300C8E31E /* Resources */,
			);
			buildRules = (
			);
			dependencies = (
			);
			name = "Game Of Life";
			productName = "Game Of Life";
			productReference = 9F162E3C1D5690B300C8E31E /* Game Of Life.app */;
			productType = "com.apple.product-type.application";
		};
		9F162E4F1D5690B400C8E31E /* Game Of LifeTests */ = {
			isa = PBXNativeTarget;
			buildConfigurationList = 9F162E5C1D5690B400C8E31E /* Build configuration list for PBXNativeTarget "Game Of LifeTests" */;
			buildPhases = (
				9F162E4C1D5690B400C8E31E /* Sources */,
				9F162E4D1D5690B400C8E31E /* Frameworks */,
				9F162E4E1D5690B400C8E31E /* Resources */,
			);
			buildRules = (
			);
			dependencies = (
				9F162E521D5690B400C8E31E /* PBXTargetDependency */,
			);
			name = "Game Of LifeTests";
			productName = "Game Of LifeTests";
			productReference = 9F162E501D5690B400C8E31E /* Game Of LifeTests.xctest */;
			productType = "com.apple.product-type.bundle.unit-test";
		};
/* End PBXNativeTarget section */

/* Begin PBXProject section */
		9F162E341D5690B300C8E31E /* Project object */ = {
			isa = PBXProject;
			attributes = {
				LastSwiftUpdateCheck = 0730;
				LastUpgradeCheck = 0730;
				ORGANIZATIONNAME = "Anton Repin";
				TargetAttributes = {
					9F162E3B1D5690B300C8E31E = {
						CreatedOnToolsVersion = 7.3.1;
					};
					9F162E4F1D5690B400C8E31E = {
						CreatedOnToolsVersion = 7.3.1;
						TestTargetID = 9F162E3B1D5690B300C8E31E;
					};
				};
			};
			buildConfigurationList = 9F162E371D5690B300C8E31E /* Build configuration list for PBXProject "Game Of Life" */;
			compatibilityVersion = "Xcode 3.2";
			developmentRegion = English;
			hasScannedForEncodings = 0;
			knownRegions = (
				en,
				Base,
			);
			mainGroup = 9F162E331D5690B300C8E31E;
			productRefGroup = 9F162E3D1D5690B300C8E31E /* Products */;
			projectDirPath = "";
			projectRoot = "";
			targets = (
				9F162E3B1D5690B300C8E31E /* Game Of Life */,
				9F162E4F1D5690B400C8E31E /* Game Of LifeTests */,
			);
		};
/* End PBXProject section */

/* Begin PBXResourcesBuildPhase section */
		9F162E3A1D5690B300C8E31E /* Resources */ = {
			isa = PBXResourcesBuildPhase;
			buildActionMask = 2147483647;
			files = (
				9F162E4A1D5690B300C8E31E /* LaunchScreen.storyboard in Resources */,
				9F162E471D5690B300C8E31E /* Assets.xcassets in Resources */,
				9F162E451D5690B300C8E31E /* Main.storyboard in Resources */,
			);
			runOnlyForDeploymentPostprocessing = 0;
		};
		9F162E4E1D5690B400C8E31E /* Resources */ = {
			isa = PBXResourcesBuildPhase;
			buildActionMask = 2147483647;
			files = (
			);
			runOnlyForDeploymentPostprocessing = 0;
		};
/* End PBXResourcesBuildPhase section */

/* Begin PBXSourcesBuildPhase section */
		9F162E381D5690B300C8E31E /* Sources */ = {
			isa = PBXSourcesBuildPhase;
			buildActionMask = 2147483647;
			files = (
				9F162E421D5690B300C8E31E /* ViewController.swift in Sources */,
				9F162E401D5690B300C8E31E /* AppDelegate.swift in Sources */,
			);
			runOnlyForDeploymentPostprocessing = 0;
		};
		9F162E4C1D5690B400C8E31E /* Sources */ = {
			isa = PBXSourcesBuildPhase;
			buildActionMask = 2147483647;
			files = (
				9F162E551D5690B400C8E31E /* Game_Of_LifeTests.swift in Sources */,
			);
			runOnlyForDeploymentPostprocessing = 0;
		};
/* End PBXSourcesBuildPhase section */

/* Begin PBXTargetDependency section */
		9F162E521D5690B400C8E31E /* PBXTargetDependency */ = {
			isa = PBXTargetDependency;
			target = 9F162E3B1D5690B300C8E31E /* Game Of Life */;
			targetProxy = 9F162E511D5690B400C8E31E /* PBXContainerItemProxy */;
		};
/* End PBXTargetDependency section */

/* Begin PBXVariantGroup section */
		9F162E431D5690B300C8E31E /* Main.storyboard */ = {
			isa = PBXVariantGroup;
			children = (
				9F162E441D5690B300C8E31E /* Base */,
			);
			name = Main.storyboard;
			sourceTree = "<group>";
		};
		9F162E481D5690B300C8E31E /* LaunchScreen.storyboard */ = {
			isa = PBXVariantGroup;
			children = (
				9F162E491D5690B300C8E31E /* Base */,
			);
			name = LaunchScreen.storyboard;
			sourceTree = "<group>";
		};
/* End PBXVariantGroup section */

/* Begin XCBuildConfiguration section */
		9F162E571D5690B400C8E31E /* Debug */ = {
			isa = XCBuildConfiguration;
			buildSettings = {
				ALWAYS_SEARCH_USER_PATHS = NO;
				CLANG_ANALYZER_NONNULL = YES;
				CLANG_CXX_LANGUAGE_STANDARD = "gnu++0x";
				CLANG_CXX_LIBRARY = "libc++";
				CLANG_ENABLE_MODULES = YES;
				CLANG_ENABLE_OBJC_ARC = YES;
				CLANG_WARN_BOOL_CONVERSION = YES;
				CLANG_WARN_CONSTANT_CONVERSION = YES;
				CLANG_WARN_DIRECT_OBJC_ISA_USAGE = YES_ERROR;
				CLANG_WARN_EMPTY_BODY = YES;
				CLANG_WARN_ENUM_CONVERSION = YES;
				CLANG_WARN_INT_CONVERSION = YES;
				CLANG_WARN_OBJC_ROOT_CLASS = YES_ERROR;
				CLANG_WARN_UNREACHABLE_CODE = YES;
				CLANG_WARN__DUPLICATE_METHOD_MATCH = YES;
				"CODE_SIGN_IDENTITY[sdk=iphoneos*]" = "iPhone Developer";
				COPY_PHASE_STRIP = NO;
				DEBUG_INFORMATION_FORMAT = dwarf;
				ENABLE_STRICT_OBJC_MSGSEND = YES;
				ENABLE_TESTABILITY = YES;
				GCC_C_LANGUAGE_STANDARD = gnu99;
				GCC_DYNAMIC_NO_PIC = NO;
				GCC_NO_COMMON_BLOCKS = YES;
				GCC_OPTIMIZATION_LEVEL = 0;
				GCC_PREPROCESSOR_DEFINITIONS = (
					"DEBUG=1",
					"$(inherited)",
				);
				GCC_WARN_64_TO_32_BIT_CONVERSION = YES;
				GCC_WARN_ABOUT_RETURN_TYPE = YES_ERROR;
				GCC_WARN_UNDECLARED_SELECTOR = YES;
				GCC_WARN_UNINITIALIZED_AUTOS = YES_AGGRESSIVE;
				GCC_WARN_UNUSED_FUNCTION = YES;
				GCC_WARN_UNUSED_VARIABLE = YES;
				IPHONEOS_DEPLOYMENT_TARGET = 9.3;
				MTL_ENABLE_DEBUG_INFO = YES;
				ONLY_ACTIVE_ARCH = YES;
				SDKROOT = iphoneos;
				SWIFT_OPTIMIZATION_LEVEL = "-Onone";
			};
			name = Debug;
		};
		9F162E581D5690B400C8E31E /* Release */ = {
			isa = XCBuildConfiguration;
			buildSettings = {
				ALWAYS_SEARCH_USER_PATHS = NO;
				CLANG_ANALYZER_NONNULL = YES;
				CLANG_CXX_LANGUAGE_STANDARD = "gnu++0x";
				CLANG_CXX_LIBRARY = "libc++";
				CLANG_ENABLE_MODULES = YES;
				CLANG_ENABLE_OBJC_ARC = YES;
				CLANG_WARN_BOOL_CONVERSION = YES;
				CLANG_WARN_CONSTANT_CONVERSION = YES;
				CLANG_WARN_DIRECT_OBJC_ISA_USAGE = YES_ERROR;
				CLANG_WARN_EMPTY_BODY = YES;
				CLANG_WARN_ENUM_CONVERSION = YES;
				CLANG_WARN_INT_CONVERSION = YES;
				CLANG_WARN_OBJC_ROOT_CLASS = YES_ERROR;
				CLANG_WARN_UNREACHABLE_CODE = YES;
				CLANG_WARN__DUPLICATE_METHOD_MATCH = YES;
				"CODE_SIGN_IDENTITY[sdk=iphoneos*]" = "iPhone Developer";
				COPY_PHASE_STRIP = NO;
				DEBUG_INFORMATION_FORMAT = "dwarf-with-dsym";
				ENABLE_NS_ASSERTIONS = NO;
				ENABLE_STRICT_OBJC_MSGSEND = YES;
				GCC_C_LANGUAGE_STANDARD = gnu99;
				GCC_NO_COMMON_BLOCKS = YES;
				GCC_WARN_64_TO_32_BIT_CONVERSION = YES;
				GCC_WARN_ABOUT_RETURN_TYPE = YES_ERROR;
				GCC_WARN_UNDECLARED_SELECTOR = YES;
				GCC_WARN_UNINITIALIZED_AUTOS = YES_AGGRESSIVE;
				GCC_WARN_UNUSED_FUNCTION = YES;
				GCC_WARN_UNUSED_VARIABLE = YES;
				IPHONEOS_DEPLOYMENT_TARGET = 9.3;
				MTL_ENABLE_DEBUG_INFO = NO;
				SDKROOT = iphoneos;
				VALIDATE_PRODUCT = YES;
			};
			name = Release;
		};
		9F162E5A1D5690B400C8E31E /* Debug */ = {
			isa = XCBuildConfiguration;
			buildSettings = {
				ASSETCATALOG_COMPILER_APPICON_NAME = AppIcon;
				INFOPLIST_FILE = "Game Of Life/Info.plist";
				LD_RUNPATH_SEARCH_PATHS = "$(inherited) @executable_path/Frameworks";
				PRODUCT_BUNDLE_IDENTIFIER = "io.xdire.Game-Of-Life";
				PRODUCT_NAME = "$(TARGET_NAME)";
			};
			name = Debug;
		};
		9F162E5B1D5690B400C8E31E /* Release */ = {
			isa = XCBuildConfiguration;
			buildSettings = {
				ASSETCATALOG_COMPILER_APPICON_NAME = AppIcon;
				INFOPLIST_FILE = "Game Of Life/Info.plist";
				LD_RUNPATH_SEARCH_PATHS = "$(inherited) @executable_path/Frameworks";
				PRODUCT_BUNDLE_IDENTIFIER = "io.xdire.Game-Of-Life";
				PRODUCT_NAME = "$(TARGET_NAME)";
			};
			name = Release;
		};
		9F162E5D1D5690B400C8E31E /* Debug */ = {
			isa = XCBuildConfiguration;
			buildSettings = {
				BUNDLE_LOADER = "$(TEST_HOST)";
				INFOPLIST_FILE = "Game Of LifeTests/Info.plist";
				LD_RUNPATH_SEARCH_PATHS = "$(inherited) @executable_path/Frameworks @loader_path/Frameworks";
				PRODUCT_BUNDLE_IDENTIFIER = "io.xdire.Game-Of-LifeTests";
				PRODUCT_NAME = "$(TARGET_NAME)";
				TEST_HOST = "$(BUILT_PRODUCTS_DIR)/Game Of Life.app/Game Of Life";
			};
			name = Debug;
		};
		9F162E5E1D5690B400C8E31E /* Release */ = {
			isa = XCBuildConfiguration;
			buildSettings = {
				BUNDLE_LOADER = "$(TEST_HOST)";
				INFOPLIST_FILE = "Game Of LifeTests/Info.plist";
				LD_RUNPATH_SEARCH_PATHS = "$(inherited) @executable_path/Frameworks @loader_path/Frameworks";
				PRODUCT_BUNDLE_IDENTIFIER = "io.xdire.Game-Of-LifeTests";
				PRODUCT_NAME = "$(TARGET_NAME)";
				TEST_HOST = "$(BUILT_PRODUCTS_DIR)/Game Of Life.app/Game Of Life";
			};
			name = Release;
		};
/* End XCBuildConfiguration section */

/* Begin XCConfigurationList section */
		9F162E371D5690B300C8E31E /* Build configuration list for PBXProject "Game Of Life" */ = {
			isa = XCConfigurationList;
			buildConfigurations = (
				9F162E571D5690B400C8E31E /* Debug */,
				9F162E581D5690B400C8E31E /* Release */,
			);
			defaultConfigurationIsVisible = 0;
			defaultConfigurationName = Release;
		};
		9F162E591D5690B400C8E31E /* Build configuration list for PBXNativeTarget "Game Of Life" */ = {
			isa = XCConfigurationList;
			buildConfigurations = (
				9F162E5A1D5690B400C8E31E /* Debug */,
				9F162E5B1D5690B400C8E31E /* Release */,
			);
			defaultConfigurationIsVisible = 0;
		};
		9F162E5C1D5690B400C8E31E /* Build configuration list for PBXNativeTarget "Game Of LifeTests" */ = {
			isa = XCConfigurationList;
			buildConfigurations = (
				9F162E5D1D5690B400C8E31E /* Debug */,
				9F162E5E1D5690B400C8E31E /* Release */,
			);
			defaultConfigurationIsVisible = 0;
		};
/* End XCConfigurationList section */
	};
	rootObject = 9F162E341D5690B300C8E31E /* Project object */;
}
